
Microsoft Visual Studio Solution File, Format Version 12.00
# Visual Studio Version 17
VisualStudioVersion = 17.3.32929.385
MinimumVisualStudioVersion = 10.0.40219.1
Project("{FAE04EC0-301F-11D3-BF4B-00C04F79EFBC}") = "AngularServer", "AngularServer\AngularServer.csproj", "{854B5694-E0E2-42C7-A63F-2A4FD0A86DE4}"
EndProject
Global
	GlobalSection(SolutionConfigurationPlatforms) = preSolution
		Debug|Any CPU = Debug|Any CPU
		Release|Any CPU = Release|Any CPU
	EndGlobalSection
	GlobalSection(ProjectConfigurationPlatforms) = postSolution
		{854B5694-E0E2-42C7-A63F-2A4FD0A86DE4}.Debug|Any CPU.ActiveCfg = Debug|Any CPU
		{854B5694-E0E2-42C7-A63F-2A4FD0A86DE4}.Debug|Any CPU.Build.0 = Debug|Any CPU
		{854B5694-E0E2-42C7-A63F-2A4FD0A86DE4}.Release|Any CPU.ActiveCfg = Release|Any CPU
		{854B5694-E0E2-42C7-A63F-2A4FD0A86DE4}.Release|Any CPU.Build.0 = Release|Any CPU
	EndGlobalSection
	GlobalSection(SolutionProperties) = preSolution
		HideSolutionNode = FALSE
	EndGlobalSection
	GlobalSection(ExtensibilityGlobals) = postSolution
		SolutionGuid = {3DACFEB8-C594-49A3-8C36-92A2AEE6D69F}
	EndGlobalSection
EndGlobal
